
Microsoft Visual Studio Solution File, Format Version 12.00
# Visual Studio Version 17
VisualStudioVersion = 17.14.36121.58 d17.14
MinimumVisualStudioVersion = 10.0.40219.1
Project("{FAE04EC0-301F-11D3-BF4B-00C04F79EFBC}") = "App_library_back-end", "App_library_back-end\App_library_back-end.csproj", "{91818734-3AC6-407B-BAA0-9A60C8E1C997}"
EndProject
Global
	GlobalSection(SolutionConfigurationPlatforms) = preSolution
		Debug|Any CPU = Debug|Any CPU
		Release|Any CPU = Release|Any CPU
	EndGlobalSection
	GlobalSection(ProjectConfigurationPlatforms) = postSolution
		{91818734-3AC6-407B-BAA0-9A60C8E1C997}.Debug|Any CPU.ActiveCfg = Debug|Any CPU
		{91818734-3AC6-407B-BAA0-9A60C8E1C997}.Debug|Any CPU.Build.0 = Debug|Any CPU
		{91818734-3AC6-407B-BAA0-9A60C8E1C997}.Release|Any CPU.ActiveCfg = Release|Any CPU
		{91818734-3AC6-407B-BAA0-9A60C8E1C997}.Release|Any CPU.Build.0 = Release|Any CPU
	EndGlobalSection
	GlobalSection(SolutionProperties) = preSolution
		HideSolutionNode = FALSE
	EndGlobalSection
	GlobalSection(ExtensibilityGlobals) = postSolution
		SolutionGuid = {C820E3A5-89CB-4355-9AD3-7EE428AE9FCF}
	EndGlobalSection
EndGlobal
